<?xml version="1.0" encoding="utf-8"?>
<Project ToolsVersion="4.0" xmlns="http://schemas.microsoft.com/developer/msbuild/2003">
  <ItemGroup>
    <Filter Include="Source Files">
      <UniqueIdentifier>{4FC737F1-C7A5-4376-A066-2A32D752A2FF}</UniqueIdentifier>
      <Extensions>cpp;c;cc;cxx;def;odl;idl;hpj;bat;asm;asmx</Extensions>
    </Filter>
    <Filter Include="Header Files">
      <UniqueIdentifier>{93995380-89BD-4b04-88EB-625FBE52EBFB}</UniqueIdentifier>
      <Extensions>h;hh;hpp;hxx;hm;inl;inc;xsd</Extensions>
    </Filter>
    <Filter Include="Resource Files">
      <UniqueIdentifier>{67DA6AB6-F800-4c08-8B7A-83BB121AAD01}</UniqueIdentifier>
      <Extensions>rc;ico;cur;bmp;dlg;rc2;rct;bin;rgs;gif;jpg;jpeg;jpe;resx;tiff;tif;png;wav;mfcribbon-ms</Extensions>
    </Filter>
  </ItemGroup>
  <ItemGroup>
    <ClCompile Include="Source.cpp">
      <Filter>Source Files</Filter>
    </ClCompile>
    <ClCompile Include="depth_difference_limiter.cpp">
      <Filter>Source Files</Filter>
    </ClCompile>
    <ClCompile Include="depth_memc.cpp">
      <Filter>Source Files</Filter>
    </ClCompile>
    <ClCompile Include="edge_depth_estimation.cpp">
      <Filter>Source Files</Filter>
    </ClCompile>
    <ClCompile Include="filter_3d.cpp">
      <Filter>Source Files</Filter>
    </ClCompile>
    <ClCompile Include="focus_depth_estimation.cpp">
      <Filter>Source Files</Filter>
    </ClCompile>
    <ClCompile Include="reliability_calculator.cpp">
      <Filter>Source Files</Filter>
    </ClCompile>
    <ClCompile Include="scene_change_detection.cpp">
      <Filter>Source Files</Filter>
    </ClCompile>
    <ClCompile Include="sobel_ori.cpp">
      <Filter>Source Files</Filter>
    </ClCompile>
    <ClCompile Include="vanishing_point_detection.cpp">
      <Filter>Source Files</Filter>
    </ClCompile>
    <ClCompile Include="vp_depth_estimation.cpp">
      <Filter>Source Files</Filter>
    </ClCompile>
    <ClCompile Include="watershed_segmentation.cpp">
      <Filter>Source Files</Filter>
    </ClCompile>
  </ItemGroup>
  <ItemGroup>
    <ClInclude Include="sub_programs.h">
      <Filter>Header Files</Filter>
    </ClInclude>
    <ClInclude Include="resource.h">
      <Filter>Header Files</Filter>
    </ClInclude>
  </ItemGroup>
  <ItemGroup>
    <ResourceCompile Include="DepthMapGenerate.rc">
      <Filter>Resource Files</Filter>
    </ResourceCompile>
  </ItemGroup>
</Project>